
Microsoft Visual Studio Solution File, Format Version 12.00
# Visual Studio Version 17
VisualStudioVersion = 17.2.32519.379
MinimumVisualStudioVersion = 10.0.40219.1
Project("{FAE04EC0-301F-11D3-BF4B-00C04F79EFBC}") = "Inqola", "Inqola.csproj", "{98DEBF3D-48FA-4653-8595-A89EED020726}"
EndProject
Global
	GlobalSection(SolutionConfigurationPlatforms) = preSolution
		Debug|Any CPU = Debug|Any CPU
		Release|Any CPU = Release|Any CPU
	EndGlobalSection
	GlobalSection(ProjectConfigurationPlatforms) = postSolution
		{98DEBF3D-48FA-4653-8595-A89EED020726}.Debug|Any CPU.ActiveCfg = Debug|Any CPU
		{98DEBF3D-48FA-4653-8595-A89EED020726}.Debug|Any CPU.Build.0 = Debug|Any CPU
		{98DEBF3D-48FA-4653-8595-A89EED020726}.Release|Any CPU.ActiveCfg = Release|Any CPU
		{98DEBF3D-48FA-4653-8595-A89EED020726}.Release|Any CPU.Build.0 = Release|Any CPU
	EndGlobalSection
	GlobalSection(SolutionProperties) = preSolution
		HideSolutionNode = FALSE
	EndGlobalSection
	GlobalSection(ExtensibilityGlobals) = postSolution
		SolutionGuid = {210BE815-20E7-4656-B91C-D52A5489339A}
	EndGlobalSection
EndGlobal
